
Microsoft Visual Studio Solution File, Format Version 12.00
# Visual Studio Version 17
VisualStudioVersion = 17.11.35312.102
MinimumVisualStudioVersion = 10.0.40219.1
Project("{FAE04EC0-301F-11D3-BF4B-00C04F79EFBC}") = "Week9Lists", "Week9Lists\Week9Lists.csproj", "{BE989DC8-6274-4DD8-971D-7012C53F2880}"
EndProject
Global
	GlobalSection(SolutionConfigurationPlatforms) = preSolution
		Debug|Any CPU = Debug|Any CPU
		Release|Any CPU = Release|Any CPU
	EndGlobalSection
	GlobalSection(ProjectConfigurationPlatforms) = postSolution
		{BE989DC8-6274-4DD8-971D-7012C53F2880}.Debug|Any CPU.ActiveCfg = Debug|Any CPU
		{BE989DC8-6274-4DD8-971D-7012C53F2880}.Debug|Any CPU.Build.0 = Debug|Any CPU
		{BE989DC8-6274-4DD8-971D-7012C53F2880}.Release|Any CPU.ActiveCfg = Release|Any CPU
		{BE989DC8-6274-4DD8-971D-7012C53F2880}.Release|Any CPU.Build.0 = Release|Any CPU
	EndGlobalSection
	GlobalSection(SolutionProperties) = preSolution
		HideSolutionNode = FALSE
	EndGlobalSection
	GlobalSection(ExtensibilityGlobals) = postSolution
		SolutionGuid = {E7440D00-0A42-4859-B309-4389A6D93E25}
	EndGlobalSection
EndGlobal
